// !$*UTF8*$!
{
	archiveVersion = 1;
	classes = {
	};
	objectVersion = 46;
	objects = {

/* Begin PBXBuildFile section */
		37A1D15B19F7E38500B608D0 /* SAMTextView.m in Sources */ = {isa = PBXBuildFile; fileRef = 37A1D15A19F7E38500B608D0 /* SAMTextView.m */; };
		37A1D15C19F7E38500B608D0 /* SAMTextView.m in Sources */ = {isa = PBXBuildFile; fileRef = 37A1D15A19F7E38500B608D0 /* SAMTextView.m */; };
		37A1D15E19F7E52A00B608D0 /* image.png in Resources */ = {isa = PBXBuildFile; fileRef = 37A1D15D19F7E52A00B608D0 /* image.png */; };
		37A1D15F19F7E52A00B608D0 /* image.png in Resources */ = {isa = PBXBuildFile; fileRef = 37A1D15D19F7E52A00B608D0 /* image.png */; };
		37A1D18219F7E76100B608D0 /* MKAnnotationView+WebCache.m in Sources */ = {isa = PBXBuildFile; fileRef = 37A1D16219F7E76100B608D0 /* MKAnnotationView+WebCache.m */; };
		37A1D18319F7E76100B608D0 /* MKAnnotationView+WebCache.m in Sources */ = {isa = PBXBuildFile; fileRef = 37A1D16219F7E76100B608D0 /* MKAnnotationView+WebCache.m */; };
		37A1D18419F7E76100B608D0 /* NSData+ImageContentType.m in Sources */ = {isa = PBXBuildFile; fileRef = 37A1D16419F7E76100B608D0 /* NSData+ImageContentType.m */; };
		37A1D18519F7E76100B608D0 /* NSData+ImageContentType.m in Sources */ = {isa = PBXBuildFile; fileRef = 37A1D16419F7E76100B608D0 /* NSData+ImageContentType.m */; };
		37A1D18619F7E76100B608D0 /* SDImageCache.m in Sources */ = {isa = PBXBuildFile; fileRef = 37A1D16619F7E76100B608D0 /* SDImageCache.m */; };
		37A1D18719F7E76100B608D0 /* SDImageCache.m in Sources */ = {isa = PBXBuildFile; fileRef = 37A1D16619F7E76100B608D0 /* SDImageCache.m */; };
		37A1D18819F7E76100B608D0 /* SDWebImageCompat.m in Sources */ = {isa = PBXBuildFile; fileRef = 37A1D16819F7E76100B608D0 /* SDWebImageCompat.m */; };
		37A1D18919F7E76100B608D0 /* SDWebImageCompat.m in Sources */ = {isa = PBXBuildFile; fileRef = 37A1D16819F7E76100B608D0 /* SDWebImageCompat.m */; };
		37A1D18A19F7E76100B608D0 /* SDWebImageDecoder.m in Sources */ = {isa = PBXBuildFile; fileRef = 37A1D16A19F7E76100B608D0 /* SDWebImageDecoder.m */; };
		37A1D18B19F7E76100B608D0 /* SDWebImageDecoder.m in Sources */ = {isa = PBXBuildFile; fileRef = 37A1D16A19F7E76100B608D0 /* SDWebImageDecoder.m */; };
		37A1D18C19F7E76100B608D0 /* SDWebImageDownloader.m in Sources */ = {isa = PBXBuildFile; fileRef = 37A1D16C19F7E76100B608D0 /* SDWebImageDownloader.m */; };
		37A1D18D19F7E76100B608D0 /* SDWebImageDownloader.m in Sources */ = {isa = PBXBuildFile; fileRef = 37A1D16C19F7E76100B608D0 /* SDWebImageDownloader.m */; };
		37A1D18E19F7E76100B608D0 /* SDWebImageDownloaderOperation.m in Sources */ = {isa = PBXBuildFile; fileRef = 37A1D16E19F7E76100B608D0 /* SDWebImageDownloaderOperation.m */; };
		37A1D18F19F7E76100B608D0 /* SDWebImageDownloaderOperation.m in Sources */ = {isa = PBXBuildFile; fileRef = 37A1D16E19F7E76100B608D0 /* SDWebImageDownloaderOperation.m */; };
		37A1D19019F7E76100B608D0 /* SDWebImageManager.m in Sources */ = {isa = PBXBuildFile; fileRef = 37A1D17019F7E76100B608D0 /* SDWebImageManager.m */; };
		37A1D19119F7E76100B608D0 /* SDWebImageManager.m in Sources */ = {isa = PBXBuildFile; fileRef = 37A1D17019F7E76100B608D0 /* SDWebImageManager.m */; };
		37A1D19219F7E76100B608D0 /* SDWebImagePrefetcher.m in Sources */ = {isa = PBXBuildFile; fileRef = 37A1D17319F7E76100B608D0 /* SDWebImagePrefetcher.m */; };
		37A1D19319F7E76100B608D0 /* SDWebImagePrefetcher.m in Sources */ = {isa = PBXBuildFile; fileRef = 37A1D17319F7E76100B608D0 /* SDWebImagePrefetcher.m */; };
		37A1D19419F7E76100B608D0 /* UIButton+WebCache.m in Sources */ = {isa = PBXBuildFile; fileRef = 37A1D17519F7E76100B608D0 /* UIButton+WebCache.m */; };
		37A1D19519F7E76100B608D0 /* UIButton+WebCache.m in Sources */ = {isa = PBXBuildFile; fileRef = 37A1D17519F7E76100B608D0 /* UIButton+WebCache.m */; };
		37A1D19619F7E76100B608D0 /* UIImage+GIF.m in Sources */ = {isa = PBXBuildFile; fileRef = 37A1D17719F7E76100B608D0 /* UIImage+GIF.m */; };
		37A1D19719F7E76100B608D0 /* UIImage+GIF.m in Sources */ = {isa = PBXBuildFile; fileRef = 37A1D17719F7E76100B608D0 /* UIImage+GIF.m */; };
		37A1D19819F7E76100B608D0 /* UIImage+MultiFormat.m in Sources */ = {isa = PBXBuildFile; fileRef = 37A1D17919F7E76100B608D0 /* UIImage+MultiFormat.m */; };
		37A1D19919F7E76100B608D0 /* UIImage+MultiFormat.m in Sources */ = {isa = PBXBuildFile; fileRef = 37A1D17919F7E76100B608D0 /* UIImage+MultiFormat.m */; };
		37A1D19A19F7E76100B608D0 /* UIImage+WebP.m in Sources */ = {isa = PBXBuildFile; fileRef = 37A1D17B19F7E76100B608D0 /* UIImage+WebP.m */; };
		37A1D19B19F7E76100B608D0 /* UIImage+WebP.m in Sources */ = {isa = PBXBuildFile; fileRef = 37A1D17B19F7E76100B608D0 /* UIImage+WebP.m */; };
		37A1D19C19F7E76100B608D0 /* UIImageView+HighlightedWebCache.m in Sources */ = {isa = PBXBuildFile; fileRef = 37A1D17D19F7E76100B608D0 /* UIImageView+HighlightedWebCache.m */; };
		37A1D19D19F7E76100B608D0 /* UIImageView+HighlightedWebCache.m in Sources */ = {isa = PBXBuildFile; fileRef = 37A1D17D19F7E76100B608D0 /* UIImageView+HighlightedWebCache.m */; };
		37A1D19E19F7E76100B608D0 /* UIImageView+WebCache.m in Sources */ = {isa = PBXBuildFile; fileRef = 37A1D17F19F7E76100B608D0 /* UIImageView+WebCache.m */; };
		37A1D19F19F7E76100B608D0 /* UIImageView+WebCache.m in Sources */ = {isa = PBXBuildFile; fileRef = 37A1D17F19F7E76100B608D0 /* UIImageView+WebCache.m */; };
		37A1D1A019F7E76100B608D0 /* UIView+WebCacheOperation.m in Sources */ = {isa = PBXBuildFile; fileRef = 37A1D18119F7E76100B608D0 /* UIView+WebCacheOperation.m */; };
		37A1D1A119F7E76100B608D0 /* UIView+WebCacheOperation.m in Sources */ = {isa = PBXBuildFile; fileRef = 37A1D18119F7E76100B608D0 /* UIView+WebCacheOperation.m */; };
		37A1D1A319F7E8BA00B608D0 /* close.png in Resources */ = {isa = PBXBuildFile; fileRef = 37A1D1A219F7E8BA00B608D0 /* close.png */; };
		37A1D1A419F7E8BA00B608D0 /* close.png in Resources */ = {isa = PBXBuildFile; fileRef = 37A1D1A219F7E8BA00B608D0 /* close.png */; };
		37D4E4BC19F752EE00844375 /* main.m in Sources */ = {isa = PBXBuildFile; fileRef = 37D4E4BB19F752EE00844375 /* main.m */; };
		37D4E4BF19F752EE00844375 /* AppDelegate.m in Sources */ = {isa = PBXBuildFile; fileRef = 37D4E4BE19F752EE00844375 /* AppDelegate.m */; };
		37D4E4C519F752EE00844375 /* Main.storyboard in Resources */ = {isa = PBXBuildFile; fileRef = 37D4E4C319F752EE00844375 /* Main.storyboard */; };
		37D4E4C719F752EE00844375 /* Images.xcassets in Resources */ = {isa = PBXBuildFile; fileRef = 37D4E4C619F752EE00844375 /* Images.xcassets */; };
		37D4E4CA19F752EE00844375 /* LaunchScreen.xib in Resources */ = {isa = PBXBuildFile; fileRef = 37D4E4C819F752EE00844375 /* LaunchScreen.xib */; };
		37D4E4D619F752EE00844375 /* GuidePostTests.m in Sources */ = {isa = PBXBuildFile; fileRef = 37D4E4D519F752EE00844375 /* GuidePostTests.m */; };
		37D4E4E719F755C200844375 /* XPathQuery.m in Sources */ = {isa = PBXBuildFile; fileRef = 37D4E4E219F755C200844375 /* XPathQuery.m */; };
		37D4E4E819F755C200844375 /* XPathQuery.m in Sources */ = {isa = PBXBuildFile; fileRef = 37D4E4E219F755C200844375 /* XPathQuery.m */; };
		37D4E4E919F755C200844375 /* TFHpple.m in Sources */ = {isa = PBXBuildFile; fileRef = 37D4E4E419F755C200844375 /* TFHpple.m */; };
		37D4E4EA19F755C200844375 /* TFHpple.m in Sources */ = {isa = PBXBuildFile; fileRef = 37D4E4E419F755C200844375 /* TFHpple.m */; };
		37D4E4EB19F755C200844375 /* TFHppleElement.m in Sources */ = {isa = PBXBuildFile; fileRef = 37D4E4E619F755C200844375 /* TFHppleElement.m */; };
		37D4E4EC19F755C200844375 /* TFHppleElement.m in Sources */ = {isa = PBXBuildFile; fileRef = 37D4E4E619F755C200844375 /* TFHppleElement.m */; };
		37D4E4F019F75BB800844375 /* libxml2.dylib in Frameworks */ = {isa = PBXBuildFile; fileRef = 37D4E4EF19F75BB800844375 /* libxml2.dylib */; };
		37D4E4F119F75ED600844375 /* libxml2.dylib in Frameworks */ = {isa = PBXBuildFile; fileRef = 37D4E4EF19F75BB800844375 /* libxml2.dylib */; };
		37D4E4F619F760F400844375 /* ViewController.m in Sources */ = {isa = PBXBuildFile; fileRef = 37D4E4F519F760F400844375 /* ViewController.m */; };
		37D4E4F719F760F400844375 /* ViewController.m in Sources */ = {isa = PBXBuildFile; fileRef = 37D4E4F519F760F400844375 /* ViewController.m */; };
/* End PBXBuildFile section */

/* Begin PBXContainerItemProxy section */
		37D4E4D019F752EE00844375 /* PBXContainerItemProxy */ = {
			isa = PBXContainerItemProxy;
			containerPortal = 37D4E4AE19F752EE00844375 /* Project object */;
			proxyType = 1;
			remoteGlobalIDString = 37D4E4B519F752EE00844375;
			remoteInfo = GuidePost;
		};
/* End PBXContainerItemProxy section */

/* Begin PBXFileReference section */
		37A1D15919F7E38500B608D0 /* SAMTextView.h */ = {isa = PBXFileReference; fileEncoding = 4; lastKnownFileType = sourcecode.c.h; path = SAMTextView.h; sourceTree = "<group>"; };
		37A1D15A19F7E38500B608D0 /* SAMTextView.m */ = {isa = PBXFileReference; fileEncoding = 4; lastKnownFileType = sourcecode.c.objc; path = SAMTextView.m; sourceTree = "<group>"; };
		37A1D15D19F7E52A00B608D0 /* image.png */ = {isa = PBXFileReference; lastKnownFileType = image.png; path = image.png; sourceTree = "<group>"; };
		37A1D16119F7E76100B608D0 /* MKAnnotationView+WebCache.h */ = {isa = PBXFileReference; fileEncoding = 4; lastKnownFileType = sourcecode.c.h; path = "MKAnnotationView+WebCache.h"; sourceTree = "<group>"; };
		37A1D16219F7E76100B608D0 /* MKAnnotationView+WebCache.m */ = {isa = PBXFileReference; fileEncoding = 4; lastKnownFileType = sourcecode.c.objc; path = "MKAnnotationView+WebCache.m"; sourceTree = "<group>"; };
		37A1D16319F7E76100B608D0 /* NSData+ImageContentType.h */ = {isa = PBXFileReference; fileEncoding = 4; lastKnownFileType = sourcecode.c.h; path = "NSData+ImageContentType.h"; sourceTree = "<group>"; };
		37A1D16419F7E76100B608D0 /* NSData+ImageContentType.m */ = {isa = PBXFileReference; fileEncoding = 4; lastKnownFileType = sourcecode.c.objc; path = "NSData+ImageContentType.m"; sourceTree = "<group>"; };
		37A1D16519F7E76100B608D0 /* SDImageCache.h */ = {isa = PBXFileReference; fileEncoding = 4; lastKnownFileType = sourcecode.c.h; path = SDImageCache.h; sourceTree = "<group>"; };
		37A1D16619F7E76100B608D0 /* SDImageCache.m */ = {isa = PBXFileReference; fileEncoding = 4; lastKnownFileType = sourcecode.c.objc; path = SDImageCache.m; sourceTree = "<group>"; };
		37A1D16719F7E76100B608D0 /* SDWebImageCompat.h */ = {isa = PBXFileReference; fileEncoding = 4; lastKnownFileType = sourcecode.c.h; path = SDWebImageCompat.h; sourceTree = "<group>"; };
		37A1D16819F7E76100B608D0 /* SDWebImageCompat.m */ = {isa = PBXFileReference; fileEncoding = 4; lastKnownFileType = sourcecode.c.objc; path = SDWebImageCompat.m; sourceTree = "<group>"; };
		37A1D16919F7E76100B608D0 /* SDWebImageDecoder.h */ = {isa = PBXFileReference; fileEncoding = 4; lastKnownFileType = sourcecode.c.h; path = SDWebImageDecoder.h; sourceTree = "<group>"; };
		37A1D16A19F7E76100B608D0 /* SDWebImageDecoder.m */ = {isa = PBXFileReference; fileEncoding = 4; lastKnownFileType = sourcecode.c.objc; path = SDWebImageDecoder.m; sourceTree = "<group>"; };
		37A1D16B19F7E76100B608D0 /* SDWebImageDownloader.h */ = {isa = PBXFileReference; fileEncoding = 4; lastKnownFileType = sourcecode.c.h; path = SDWebImageDownloader.h; sourceTree = "<group>"; };
		37A1D16C19F7E76100B608D0 /* SDWebImageDownloader.m */ = {isa = PBXFileReference; fileEncoding = 4; lastKnownFileType = sourcecode.c.objc; path = SDWebImageDownloader.m; sourceTree = "<group>"; };
		37A1D16D19F7E76100B608D0 /* SDWebImageDownloaderOperation.h */ = {isa = PBXFileReference; fileEncoding = 4; lastKnownFileType = sourcecode.c.h; path = SDWebImageDownloaderOperation.h; sourceTree = "<group>"; };
		37A1D16E19F7E76100B608D0 /* SDWebImageDownloaderOperation.m */ = {isa = PBXFileReference; fileEncoding = 4; lastKnownFileType = sourcecode.c.objc; path = SDWebImageDownloaderOperation.m; sourceTree = "<group>"; };
		37A1D16F19F7E76100B608D0 /* SDWebImageManager.h */ = {isa = PBXFileReference; fileEncoding = 4; lastKnownFileType = sourcecode.c.h; path = SDWebImageManager.h; sourceTree = "<group>"; };
		37A1D17019F7E76100B608D0 /* SDWebImageManager.m */ = {isa = PBXFileReference; fileEncoding = 4; lastKnownFileType = sourcecode.c.objc; path = SDWebImageManager.m; sourceTree = "<group>"; };
		37A1D17119F7E76100B608D0 /* SDWebImageOperation.h */ = {isa = PBXFileReference; fileEncoding = 4; lastKnownFileType = sourcecode.c.h; path = SDWebImageOperation.h; sourceTree = "<group>"; };
		37A1D17219F7E76100B608D0 /* SDWebImagePrefetcher.h */ = {isa = PBXFileReference; fileEncoding = 4; lastKnownFileType = sourcecode.c.h; path = SDWebImagePrefetcher.h; sourceTree = "<group>"; };
		37A1D17319F7E76100B608D0 /* SDWebImagePrefetcher.m */ = {isa = PBXFileReference; fileEncoding = 4; lastKnownFileType = sourcecode.c.objc; path = SDWebImagePrefetcher.m; sourceTree = "<group>"; };
		37A1D17419F7E76100B608D0 /* UIButton+WebCache.h */ = {isa = PBXFileReference; fileEncoding = 4; lastKnownFileType = sourcecode.c.h; path = "UIButton+WebCache.h"; sourceTree = "<group>"; };
		37A1D17519F7E76100B608D0 /* UIButton+WebCache.m */ = {isa = PBXFileReference; fileEncoding = 4; lastKnownFileType = sourcecode.c.objc; path = "UIButton+WebCache.m"; sourceTree = "<group>"; };
		37A1D17619F7E76100B608D0 /* UIImage+GIF.h */ = {isa = PBXFileReference; fileEncoding = 4; lastKnownFileType = sourcecode.c.h; path = "UIImage+GIF.h"; sourceTree = "<group>"; };
		37A1D17719F7E76100B608D0 /* UIImage+GIF.m */ = {isa = PBXFileReference; fileEncoding = 4; lastKnownFileType = sourcecode.c.objc; path = "UIImage+GIF.m"; sourceTree = "<group>"; };
		37A1D17819F7E76100B608D0 /* UIImage+MultiFormat.h */ = {isa = PBXFileReference; fileEncoding = 4; lastKnownFileType = sourcecode.c.h; path = "UIImage+MultiFormat.h"; sourceTree = "<group>"; };
		37A1D17919F7E76100B608D0 /* UIImage+MultiFormat.m */ = {isa = PBXFileReference; fileEncoding = 4; lastKnownFileType = sourcecode.c.objc; path = "UIImage+MultiFormat.m"; sourceTree = "<group>"; };
		37A1D17A19F7E76100B608D0 /* UIImage+WebP.h */ = {isa = PBXFileReference; fileEncoding = 4; lastKnownFileType = sourcecode.c.h; path = "UIImage+WebP.h"; sourceTree = "<group>"; };
		37A1D17B19F7E76100B608D0 /* UIImage+WebP.m */ = {isa = PBXFileReference; fileEncoding = 4; lastKnownFileType = sourcecode.c.objc; path = "UIImage+WebP.m"; sourceTree = "<group>"; };
		37A1D17C19F7E76100B608D0 /* UIImageView+HighlightedWebCache.h */ = {isa = PBXFileReference; fileEncoding = 4; lastKnownFileType = sourcecode.c.h; path = "UIImageView+HighlightedWebCache.h"; sourceTree = "<group>"; };
		37A1D17D19F7E76100B608D0 /* UIImageView+HighlightedWebCache.m */ = {isa = PBXFileReference; fileEncoding = 4; lastKnownFileType = sourcecode.c.objc; path = "UIImageView+HighlightedWebCache.m"; sourceTree = "<group>"; };
		37A1D17E19F7E76100B608D0 /* UIImageView+WebCache.h */ = {isa = PBXFileReference; fileEncoding = 4; lastKnownFileType = sourcecode.c.h; path = "UIImageView+WebCache.h"; sourceTree = "<group>"; };
		37A1D17F19F7E76100B608D0 /* UIImageView+WebCache.m */ = {isa = PBXFileReference; fileEncoding = 4; lastKnownFileType = sourcecode.c.objc; path = "UIImageView+WebCache.m"; sourceTree = "<group>"; };
		37A1D18019F7E76100B608D0 /* UIView+WebCacheOperation.h */ = {isa = PBXFileReference; fileEncoding = 4; lastKnownFileType = sourcecode.c.h; path = "UIView+WebCacheOperation.h"; sourceTree = "<group>"; };
		37A1D18119F7E76100B608D0 /* UIView+WebCacheOperation.m */ = {isa = PBXFileReference; fileEncoding = 4; lastKnownFileType = sourcecode.c.objc; path = "UIView+WebCacheOperation.m"; sourceTree = "<group>"; };
		37A1D1A219F7E8BA00B608D0 /* close.png */ = {isa = PBXFileReference; lastKnownFileType = image.png; path = close.png; sourceTree = "<group>"; };
		37D4E4B619F752EE00844375 /* GuidePost.app */ = {isa = PBXFileReference; explicitFileType = wrapper.application; includeInIndex = 0; path = GuidePost.app; sourceTree = BUILT_PRODUCTS_DIR; };
		37D4E4BA19F752EE00844375 /* Info.plist */ = {isa = PBXFileReference; lastKnownFileType = text.plist.xml; path = Info.plist; sourceTree = "<group>"; };
		37D4E4BB19F752EE00844375 /* main.m */ = {isa = PBXFileReference; lastKnownFileType = sourcecode.c.objc; path = main.m; sourceTree = "<group>"; };
		37D4E4BD19F752EE00844375 /* AppDelegate.h */ = {isa = PBXFileReference; lastKnownFileType = sourcecode.c.h; path = AppDelegate.h; sourceTree = "<group>"; };
		37D4E4BE19F752EE00844375 /* AppDelegate.m */ = {isa = PBXFileReference; lastKnownFileType = sourcecode.c.objc; path = AppDelegate.m; sourceTree = "<group>"; };
		37D4E4C419F752EE00844375 /* Base */ = {isa = PBXFileReference; lastKnownFileType = file.storyboard; name = Base; path = Base.lproj/Main.storyboard; sourceTree = "<group>"; };
		37D4E4C619F752EE00844375 /* Images.xcassets */ = {isa = PBXFileReference; lastKnownFileType = folder.assetcatalog; path = Images.xcassets; sourceTree = "<group>"; };
		37D4E4C919F752EE00844375 /* Base */ = {isa = PBXFileReference; lastKnownFileType = file.xib; name = Base; path = Base.lproj/LaunchScreen.xib; sourceTree = "<group>"; };
		37D4E4CF19F752EE00844375 /* GuidePostTests.xctest */ = {isa = PBXFileReference; explicitFileType = wrapper.cfbundle; includeInIndex = 0; path = GuidePostTests.xctest; sourceTree = BUILT_PRODUCTS_DIR; };
		37D4E4D419F752EE00844375 /* Info.plist */ = {isa = PBXFileReference; lastKnownFileType = text.plist.xml; path = Info.plist; sourceTree = "<group>"; };
		37D4E4D519F752EE00844375 /* GuidePostTests.m */ = {isa = PBXFileReference; lastKnownFileType = sourcecode.c.objc; path = GuidePostTests.m; sourceTree = "<group>"; };
		37D4E4E119F755C100844375 /* XPathQuery.h */ = {isa = PBXFileReference; fileEncoding = 4; lastKnownFileType = sourcecode.c.h; path = XPathQuery.h; sourceTree = "<group>"; };
		37D4E4E219F755C200844375 /* XPathQuery.m */ = {isa = PBXFileReference; fileEncoding = 4; lastKnownFileType = sourcecode.c.objc; path = XPathQuery.m; sourceTree = "<group>"; };
		37D4E4E319F755C200844375 /* TFHpple.h */ = {isa = PBXFileReference; fileEncoding = 4; lastKnownFileType = sourcecode.c.h; path = TFHpple.h; sourceTree = "<group>"; };
		37D4E4E419F755C200844375 /* TFHpple.m */ = {isa = PBXFileReference; fileEncoding = 4; lastKnownFileType = sourcecode.c.objc; path = TFHpple.m; sourceTree = "<group>"; };
		37D4E4E519F755C200844375 /* TFHppleElement.h */ = {isa = PBXFileReference; fileEncoding = 4; lastKnownFileType = sourcecode.c.h; path = TFHppleElement.h; sourceTree = "<group>"; };
		37D4E4E619F755C200844375 /* TFHppleElement.m */ = {isa = PBXFileReference; fileEncoding = 4; lastKnownFileType = sourcecode.c.objc; path = TFHppleElement.m; sourceTree = "<group>"; };
		37D4E4EF19F75BB800844375 /* libxml2.dylib */ = {isa = PBXFileReference; lastKnownFileType = "compiled.mach-o.dylib"; name = libxml2.dylib; path = usr/lib/libxml2.dylib; sourceTree = SDKROOT; };
		37D4E4F419F760F400844375 /* ViewController.h */ = {isa = PBXFileReference; fileEncoding = 4; lastKnownFileType = sourcecode.c.h; path = ViewController.h; sourceTree = "<group>"; };
		37D4E4F519F760F400844375 /* ViewController.m */ = {isa = PBXFileReference; fileEncoding = 4; lastKnownFileType = sourcecode.c.objc; path = ViewController.m; sourceTree = "<group>"; };
/* End PBXFileReference section */

/* Begin PBXFrameworksBuildPhase section */
		37D4E4B319F752EE00844375 /* Frameworks */ = {
			isa = PBXFrameworksBuildPhase;
			buildActionMask = 2147483647;
			files = (
				37D4E4F019F75BB800844375 /* libxml2.dylib in Frameworks */,
			);
			runOnlyForDeploymentPostprocessing = 0;
		};
		37D4E4CC19F752EE00844375 /* Frameworks */ = {
			isa = PBXFrameworksBuildPhase;
			buildActionMask = 2147483647;
			files = (
				37D4E4F119F75ED600844375 /* libxml2.dylib in Frameworks */,
			);
			runOnlyForDeploymentPostprocessing = 0;
		};
/* End PBXFrameworksBuildPhase section */

/* Begin PBXGroup section */
		37A1D15819F7E38500B608D0 /* SAMTextView */ = {
			isa = PBXGroup;
			children = (
				37A1D15919F7E38500B608D0 /* SAMTextView.h */,
				37A1D15A19F7E38500B608D0 /* SAMTextView.m */,
			);
			path = SAMTextView;
			sourceTree = "<group>";
		};
		37A1D16019F7E76100B608D0 /* SDWebImage */ = {
			isa = PBXGroup;
			children = (
				37A1D16119F7E76100B608D0 /* MKAnnotationView+WebCache.h */,
				37A1D16219F7E76100B608D0 /* MKAnnotationView+WebCache.m */,
				37A1D16319F7E76100B608D0 /* NSData+ImageContentType.h */,
				37A1D16419F7E76100B608D0 /* NSData+ImageContentType.m */,
				37A1D16519F7E76100B608D0 /* SDImageCache.h */,
				37A1D16619F7E76100B608D0 /* SDImageCache.m */,
				37A1D16719F7E76100B608D0 /* SDWebImageCompat.h */,
				37A1D16819F7E76100B608D0 /* SDWebImageCompat.m */,
				37A1D16919F7E76100B608D0 /* SDWebImageDecoder.h */,
				37A1D16A19F7E76100B608D0 /* SDWebImageDecoder.m */,
				37A1D16B19F7E76100B608D0 /* SDWebImageDownloader.h */,
				37A1D16C19F7E76100B608D0 /* SDWebImageDownloader.m */,
				37A1D16D19F7E76100B608D0 /* SDWebImageDownloaderOperation.h */,
				37A1D16E19F7E76100B608D0 /* SDWebImageDownloaderOperation.m */,
				37A1D16F19F7E76100B608D0 /* SDWebImageManager.h */,
				37A1D17019F7E76100B608D0 /* SDWebImageManager.m */,
				37A1D17119F7E76100B608D0 /* SDWebImageOperation.h */,
				37A1D17219F7E76100B608D0 /* SDWebImagePrefetcher.h */,
				37A1D17319F7E76100B608D0 /* SDWebImagePrefetcher.m */,
				37A1D17419F7E76100B608D0 /* UIButton+WebCache.h */,
				37A1D17519F7E76100B608D0 /* UIButton+WebCache.m */,
				37A1D17619F7E76100B608D0 /* UIImage+GIF.h */,
				37A1D17719F7E76100B608D0 /* UIImage+GIF.m */,
				37A1D17819F7E76100B608D0 /* UIImage+MultiFormat.h */,
				37A1D17919F7E76100B608D0 /* UIImage+MultiFormat.m */,
				37A1D17A19F7E76100B608D0 /* UIImage+WebP.h */,
				37A1D17B19F7E76100B608D0 /* UIImage+WebP.m */,
				37A1D17C19F7E76100B608D0 /* UIImageView+HighlightedWebCache.h */,
				37A1D17D19F7E76100B608D0 /* UIImageView+HighlightedWebCache.m */,
				37A1D17E19F7E76100B608D0 /* UIImageView+WebCache.h */,
				37A1D17F19F7E76100B608D0 /* UIImageView+WebCache.m */,
				37A1D18019F7E76100B608D0 /* UIView+WebCacheOperation.h */,
				37A1D18119F7E76100B608D0 /* UIView+WebCacheOperation.m */,
			);
			path = SDWebImage;
			sourceTree = "<group>";
		};
		37D4E4AD19F752EE00844375 = {
			isa = PBXGroup;
			children = (
				37D4E4EF19F75BB800844375 /* libxml2.dylib */,
				37D4E4B819F752EE00844375 /* GuidePost */,
				37D4E4D219F752EE00844375 /* GuidePostTests */,
				37D4E4B719F752EE00844375 /* Products */,
			);
			sourceTree = "<group>";
		};
		37D4E4B719F752EE00844375 /* Products */ = {
			isa = PBXGroup;
			children = (
				37D4E4B619F752EE00844375 /* GuidePost.app */,
				37D4E4CF19F752EE00844375 /* GuidePostTests.xctest */,
			);
			name = Products;
			sourceTree = "<group>";
		};
		37D4E4B819F752EE00844375 /* GuidePost */ = {
			isa = PBXGroup;
			children = (
				37D4E4DF19F7558A00844375 /* Libs */,
				37D4E4F319F760C600844375 /* Classes */,
				37D4E4BD19F752EE00844375 /* AppDelegate.h */,
				37D4E4BE19F752EE00844375 /* AppDelegate.m */,
				37D4E4C319F752EE00844375 /* Main.storyboard */,
				37D4E4C619F752EE00844375 /* Images.xcassets */,
				37D4E4C819F752EE00844375 /* LaunchScreen.xib */,
				37D4E4F219F760B300844375 /* Resources */,
				37D4E4B919F752EE00844375 /* Supporting Files */,
			);
			path = GuidePost;
			sourceTree = "<group>";
		};
		37D4E4B919F752EE00844375 /* Supporting Files */ = {
			isa = PBXGroup;
			children = (
				37D4E4BA19F752EE00844375 /* Info.plist */,
				37D4E4BB19F752EE00844375 /* main.m */,
			);
			name = "Supporting Files";
			sourceTree = "<group>";
		};
		37D4E4D219F752EE00844375 /* GuidePostTests */ = {
			isa = PBXGroup;
			children = (
				37D4E4D519F752EE00844375 /* GuidePostTests.m */,
				37D4E4D319F752EE00844375 /* Supporting Files */,
			);
			path = GuidePostTests;
			sourceTree = "<group>";
		};
		37D4E4D319F752EE00844375 /* Supporting Files */ = {
			isa = PBXGroup;
			children = (
				37D4E4D419F752EE00844375 /* Info.plist */,
			);
			name = "Supporting Files";
			sourceTree = "<group>";
		};
		37D4E4DF19F7558A00844375 /* Libs */ = {
			isa = PBXGroup;
			children = (
				37A1D16019F7E76100B608D0 /* SDWebImage */,
				37A1D15819F7E38500B608D0 /* SAMTextView */,
				37D4E4E019F7558A00844375 /* TFHpple */,
			);
			path = Libs;
			sourceTree = "<group>";
		};
		37D4E4E019F7558A00844375 /* TFHpple */ = {
			isa = PBXGroup;
			children = (
				37D4E4E119F755C100844375 /* XPathQuery.h */,
				37D4E4E219F755C200844375 /* XPathQuery.m */,
				37D4E4E319F755C200844375 /* TFHpple.h */,
				37D4E4E419F755C200844375 /* TFHpple.m */,
				37D4E4E519F755C200844375 /* TFHppleElement.h */,
				37D4E4E619F755C200844375 /* TFHppleElement.m */,
			);
			path = TFHpple;
			sourceTree = "<group>";
		};
		37D4E4F219F760B300844375 /* Resources */ = {
			isa = PBXGroup;
			children = (
				37A1D1A219F7E8BA00B608D0 /* close.png */,
				37A1D15D19F7E52A00B608D0 /* image.png */,
			);
			path = Resources;
			sourceTree = "<group>";
		};
		37D4E4F319F760C600844375 /* Classes */ = {
			isa = PBXGroup;
			children = (
				37D4E4F419F760F400844375 /* ViewController.h */,
				37D4E4F519F760F400844375 /* ViewController.m */,
			);
			path = Classes;
			sourceTree = "<group>";
		};
/* End PBXGroup section */

/* Begin PBXNativeTarget section */
		37D4E4B519F752EE00844375 /* GuidePost */ = {
			isa = PBXNativeTarget;
			buildConfigurationList = 37D4E4D919F752EE00844375 /* Build configuration list for PBXNativeTarget "GuidePost" */;
			buildPhases = (
				37D4E4B219F752EE00844375 /* Sources */,
				37D4E4B319F752EE00844375 /* Frameworks */,
				37D4E4B419F752EE00844375 /* Resources */,
			);
			buildRules = (
			);
			dependencies = (
			);
			name = GuidePost;
			productName = GuidePost;
			productReference = 37D4E4B619F752EE00844375 /* GuidePost.app */;
			productType = "com.apple.product-type.application";
		};
		37D4E4CE19F752EE00844375 /* GuidePostTests */ = {
			isa = PBXNativeTarget;
			buildConfigurationList = 37D4E4DC19F752EE00844375 /* Build configuration list for PBXNativeTarget "GuidePostTests" */;
			buildPhases = (
				37D4E4CB19F752EE00844375 /* Sources */,
				37D4E4CC19F752EE00844375 /* Frameworks */,
				37D4E4CD19F752EE00844375 /* Resources */,
			);
			buildRules = (
			);
			dependencies = (
				37D4E4D119F752EE00844375 /* PBXTargetDependency */,
			);
			name = GuidePostTests;
			productName = GuidePostTests;
			productReference = 37D4E4CF19F752EE00844375 /* GuidePostTests.xctest */;
			productType = "com.apple.product-type.bundle.unit-test";
		};
/* End PBXNativeTarget section */

/* Begin PBXProject section */
		37D4E4AE19F752EE00844375 /* Project object */ = {
			isa = PBXProject;
			attributes = {
				LastUpgradeCheck = 0600;
				ORGANIZATIONNAME = "Mr Trung";
				TargetAttributes = {
					37D4E4B519F752EE00844375 = {
						CreatedOnToolsVersion = 6.0.1;
					};
					37D4E4CE19F752EE00844375 = {
						CreatedOnToolsVersion = 6.0.1;
						TestTargetID = 37D4E4B519F752EE00844375;
					};
				};
			};
			buildConfigurationList = 37D4E4B119F752EE00844375 /* Build configuration list for PBXProject "GuidePost" */;
			compatibilityVersion = "Xcode 3.2";
			developmentRegion = English;
			hasScannedForEncodings = 0;
			knownRegions = (
				en,
				Base,
			);
			mainGroup = 37D4E4AD19F752EE00844375;
			productRefGroup = 37D4E4B719F752EE00844375 /* Products */;
			projectDirPath = "";
			projectRoot = "";
			targets = (
				37D4E4B519F752EE00844375 /* GuidePost */,
				37D4E4CE19F752EE00844375 /* GuidePostTests */,
			);
		};
/* End PBXProject section */

/* Begin PBXResourcesBuildPhase section */
		37D4E4B419F752EE00844375 /* Resources */ = {
			isa = PBXResourcesBuildPhase;
			buildActionMask = 2147483647;
			files = (
				37A1D1A319F7E8BA00B608D0 /* close.png in Resources */,
				37D4E4C519F752EE00844375 /* Main.storyboard in Resources */,
				37D4E4CA19F752EE00844375 /* LaunchScreen.xib in Resources */,
				37D4E4C719F752EE00844375 /* Images.xcassets in Resources */,
				37A1D15E19F7E52A00B608D0 /* image.png in Resources */,
			);
			runOnlyForDeploymentPostprocessing = 0;
		};
		37D4E4CD19F752EE00844375 /* Resources */ = {
			isa = PBXResourcesBuildPhase;
			buildActionMask = 2147483647;
			files = (
				37A1D1A419F7E8BA00B608D0 /* close.png in Resources */,
				37A1D15F19F7E52A00B608D0 /* image.png in Resources */,
			);
			runOnlyForDeploymentPostprocessing = 0;
		};
/* End PBXResourcesBuildPhase section */

/* Begin PBXSourcesBuildPhase section */
		37D4E4B219F752EE00844375 /* Sources */ = {
			isa = PBXSourcesBuildPhase;
			buildActionMask = 2147483647;
			files = (
				37A1D19E19F7E76100B608D0 /* UIImageView+WebCache.m in Sources */,
				37A1D19619F7E76100B608D0 /* UIImage+GIF.m in Sources */,
				37A1D18819F7E76100B608D0 /* SDWebImageCompat.m in Sources */,
				37A1D19419F7E76100B608D0 /* UIButton+WebCache.m in Sources */,
				37A1D19819F7E76100B608D0 /* UIImage+MultiFormat.m in Sources */,
				37A1D19219F7E76100B608D0 /* SDWebImagePrefetcher.m in Sources */,
				37D4E4F619F760F400844375 /* ViewController.m in Sources */,
				37A1D1A019F7E76100B608D0 /* UIView+WebCacheOperation.m in Sources */,
				37A1D18219F7E76100B608D0 /* MKAnnotationView+WebCache.m in Sources */,
				37A1D19A19F7E76100B608D0 /* UIImage+WebP.m in Sources */,
				37D4E4EB19F755C200844375 /* TFHppleElement.m in Sources */,
				37A1D18E19F7E76100B608D0 /* SDWebImageDownloaderOperation.m in Sources */,
				37A1D18A19F7E76100B608D0 /* SDWebImageDecoder.m in Sources */,
				37D4E4E919F755C200844375 /* TFHpple.m in Sources */,
				37A1D19C19F7E76100B608D0 /* UIImageView+HighlightedWebCache.m in Sources */,
				37A1D18419F7E76100B608D0 /* NSData+ImageContentType.m in Sources */,
				37A1D18C19F7E76100B608D0 /* SDWebImageDownloader.m in Sources */,
				37D4E4BF19F752EE00844375 /* AppDelegate.m in Sources */,
				37D4E4E719F755C200844375 /* XPathQuery.m in Sources */,
				37A1D15B19F7E38500B608D0 /* SAMTextView.m in Sources */,
				37A1D19019F7E76100B608D0 /* SDWebImageManager.m in Sources */,
				37D4E4BC19F752EE00844375 /* main.m in Sources */,
				37A1D18619F7E76100B608D0 /* SDImageCache.m in Sources */,
			);
			runOnlyForDeploymentPostprocessing = 0;
		};
		37D4E4CB19F752EE00844375 /* Sources */ = {
			isa = PBXSourcesBuildPhase;
			buildActionMask = 2147483647;
			files = (
				37D4E4EC19F755C200844375 /* TFHppleElement.m in Sources */,
				37A1D19119F7E76100B608D0 /* SDWebImageManager.m in Sources */,
				37A1D18719F7E76100B608D0 /* SDImageCache.m in Sources */,
				37A1D18F19F7E76100B608D0 /* SDWebImageDownloaderOperation.m in Sources */,
				37A1D1A119F7E76100B608D0 /* UIView+WebCacheOperation.m in Sources */,
				37A1D15C19F7E38500B608D0 /* SAMTextView.m in Sources */,
				37A1D19519F7E76100B608D0 /* UIButton+WebCache.m in Sources */,
				37A1D18519F7E76100B608D0 /* NSData+ImageContentType.m in Sources */,
				37A1D19319F7E76100B608D0 /* SDWebImagePrefetcher.m in Sources */,
				37A1D18D19F7E76100B608D0 /* SDWebImageDownloader.m in Sources */,
				37D4E4E819F755C200844375 /* XPathQuery.m in Sources */,
				37A1D19B19F7E76100B608D0 /* UIImage+WebP.m in Sources */,
				37A1D19F19F7E76100B608D0 /* UIImageView+WebCache.m in Sources */,
				37A1D18B19F7E76100B608D0 /* SDWebImageDecoder.m in Sources */,
				37D4E4EA19F755C200844375 /* TFHpple.m in Sources */,
				37A1D18319F7E76100B608D0 /* MKAnnotationView+WebCache.m in Sources */,
				37A1D18919F7E76100B608D0 /* SDWebImageCompat.m in Sources */,
				37D4E4D619F752EE00844375 /* GuidePostTests.m in Sources */,
				37D4E4F719F760F400844375 /* ViewController.m in Sources */,
				37A1D19919F7E76100B608D0 /* UIImage+MultiFormat.m in Sources */,
				37A1D19D19F7E76100B608D0 /* UIImageView+HighlightedWebCache.m in Sources */,
				37A1D19719F7E76100B608D0 /* UIImage+GIF.m in Sources */,
			);
			runOnlyForDeploymentPostprocessing = 0;
		};
/* End PBXSourcesBuildPhase section */

/* Begin PBXTargetDependency section */
		37D4E4D119F752EE00844375 /* PBXTargetDependency */ = {
			isa = PBXTargetDependency;
			target = 37D4E4B519F752EE00844375 /* GuidePost */;
			targetProxy = 37D4E4D019F752EE00844375 /* PBXContainerItemProxy */;
		};
/* End PBXTargetDependency section */

/* Begin PBXVariantGroup section */
		37D4E4C319F752EE00844375 /* Main.storyboard */ = {
			isa = PBXVariantGroup;
			children = (
				37D4E4C419F752EE00844375 /* Base */,
			);
			name = Main.storyboard;
			sourceTree = "<group>";
		};
		37D4E4C819F752EE00844375 /* LaunchScreen.xib */ = {
			isa = PBXVariantGroup;
			children = (
				37D4E4C919F752EE00844375 /* Base */,
			);
			name = LaunchScreen.xib;
			sourceTree = "<group>";
		};
/* End PBXVariantGroup section */

/* Begin XCBuildConfiguration section */
		37D4E4D719F752EE00844375 /* Debug */ = {
			isa = XCBuildConfiguration;
			buildSettings = {
				ALWAYS_SEARCH_USER_PATHS = NO;
				CLANG_CXX_LANGUAGE_STANDARD = "gnu++0x";
				CLANG_CXX_LIBRARY = "libc++";
				CLANG_ENABLE_MODULES = YES;
				CLANG_ENABLE_OBJC_ARC = YES;
				CLANG_WARN_BOOL_CONVERSION = YES;
				CLANG_WARN_CONSTANT_CONVERSION = YES;
				CLANG_WARN_DIRECT_OBJC_ISA_USAGE = YES_ERROR;
				CLANG_WARN_EMPTY_BODY = YES;
				CLANG_WARN_ENUM_CONVERSION = YES;
				CLANG_WARN_INT_CONVERSION = YES;
				CLANG_WARN_OBJC_ROOT_CLASS = YES_ERROR;
				CLANG_WARN_UNREACHABLE_CODE = YES;
				CLANG_WARN__DUPLICATE_METHOD_MATCH = YES;
				"CODE_SIGN_IDENTITY[sdk=iphoneos*]" = "iPhone Developer";
				COPY_PHASE_STRIP = NO;
				ENABLE_STRICT_OBJC_MSGSEND = YES;
				GCC_C_LANGUAGE_STANDARD = gnu99;
				GCC_DYNAMIC_NO_PIC = NO;
				GCC_OPTIMIZATION_LEVEL = 0;
				GCC_PREPROCESSOR_DEFINITIONS = (
					"DEBUG=1",
					"$(inherited)",
				);
				GCC_SYMBOLS_PRIVATE_EXTERN = NO;
				GCC_WARN_64_TO_32_BIT_CONVERSION = YES;
				GCC_WARN_ABOUT_RETURN_TYPE = YES_ERROR;
				GCC_WARN_UNDECLARED_SELECTOR = YES;
				GCC_WARN_UNINITIALIZED_AUTOS = YES_AGGRESSIVE;
				GCC_WARN_UNUSED_FUNCTION = YES;
				GCC_WARN_UNUSED_VARIABLE = YES;
				IPHONEOS_DEPLOYMENT_TARGET = 8.0;
				MTL_ENABLE_DEBUG_INFO = YES;
				ONLY_ACTIVE_ARCH = YES;
				OTHER_LDFLAGS = "-lxml2";
				SDKROOT = iphoneos;
			};
			name = Debug;
		};
		37D4E4D819F752EE00844375 /* Release */ = {
			isa = XCBuildConfiguration;
			buildSettings = {
				ALWAYS_SEARCH_USER_PATHS = NO;
				CLANG_CXX_LANGUAGE_STANDARD = "gnu++0x";
				CLANG_CXX_LIBRARY = "libc++";
				CLANG_ENABLE_MODULES = YES;
				CLANG_ENABLE_OBJC_ARC = YES;
				CLANG_WARN_BOOL_CONVERSION = YES;
				CLANG_WARN_CONSTANT_CONVERSION = YES;
				CLANG_WARN_DIRECT_OBJC_ISA_USAGE = YES_ERROR;
				CLANG_WARN_EMPTY_BODY = YES;
				CLANG_WARN_ENUM_CONVERSION = YES;
				CLANG_WARN_INT_CONVERSION = YES;
				CLANG_WARN_OBJC_ROOT_CLASS = YES_ERROR;
				CLANG_WARN_UNREACHABLE_CODE = YES;
				CLANG_WARN__DUPLICATE_METHOD_MATCH = YES;
				"CODE_SIGN_IDENTITY[sdk=iphoneos*]" = "iPhone Developer";
				COPY_PHASE_STRIP = YES;
				ENABLE_NS_ASSERTIONS = NO;
				ENABLE_STRICT_OBJC_MSGSEND = YES;
				GCC_C_LANGUAGE_STANDARD = gnu99;
				GCC_WARN_64_TO_32_BIT_CONVERSION = YES;
				GCC_WARN_ABOUT_RETURN_TYPE = YES_ERROR;
				GCC_WARN_UNDECLARED_SELECTOR = YES;
				GCC_WARN_UNINITIALIZED_AUTOS = YES_AGGRESSIVE;
				GCC_WARN_UNUSED_FUNCTION = YES;
				GCC_WARN_UNUSED_VARIABLE = YES;
				IPHONEOS_DEPLOYMENT_TARGET = 8.0;
				MTL_ENABLE_DEBUG_INFO = NO;
				OTHER_LDFLAGS = "-lxml2";
				SDKROOT = iphoneos;
				VALIDATE_PRODUCT = YES;
			};
			name = Release;
		};
		37D4E4DA19F752EE00844375 /* Debug */ = {
			isa = XCBuildConfiguration;
			buildSettings = {
				ASSETCATALOG_COMPILER_APPICON_NAME = AppIcon;
				HEADER_SEARCH_PATHS = (
					"$(inherited)",
					/Applications/Xcode.app/Contents/Developer/Toolchains/XcodeDefault.xctoolchain/usr/include,
					"$(SDKROOT)/usr/include/libxml2",
				);
				INFOPLIST_FILE = GuidePost/Info.plist;
				IPHONEOS_DEPLOYMENT_TARGET = 7.1;
				LD_RUNPATH_SEARCH_PATHS = "$(inherited) @executable_path/Frameworks";
				ONLY_ACTIVE_ARCH = YES;
				OTHER_LDFLAGS = "-lxml2";
				PRODUCT_NAME = "$(TARGET_NAME)";
			};
			name = Debug;
		};
		37D4E4DB19F752EE00844375 /* Release */ = {
			isa = XCBuildConfiguration;
			buildSettings = {
				ASSETCATALOG_COMPILER_APPICON_NAME = AppIcon;
				HEADER_SEARCH_PATHS = (
					"$(inherited)",
					/Applications/Xcode.app/Contents/Developer/Toolchains/XcodeDefault.xctoolchain/usr/include,
					"$(SDKROOT)/usr/include/libxml2",
				);
				INFOPLIST_FILE = GuidePost/Info.plist;
				IPHONEOS_DEPLOYMENT_TARGET = 7.1;
				LD_RUNPATH_SEARCH_PATHS = "$(inherited) @executable_path/Frameworks";
				ONLY_ACTIVE_ARCH = YES;
				OTHER_LDFLAGS = "-lxml2";
				PRODUCT_NAME = "$(TARGET_NAME)";
			};
			name = Release;
		};
		37D4E4DD19F752EE00844375 /* Debug */ = {
			isa = XCBuildConfiguration;
			buildSettings = {
				BUNDLE_LOADER = "$(TEST_HOST)";
				FRAMEWORK_SEARCH_PATHS = (
					"$(SDKROOT)/Developer/Library/Frameworks",
					"$(inherited)",
				);
				GCC_PREPROCESSOR_DEFINITIONS = (
					"DEBUG=1",
					"$(inherited)",
				);
				HEADER_SEARCH_PATHS = (
					"$(inherited)",
					/Applications/Xcode.app/Contents/Developer/Toolchains/XcodeDefault.xctoolchain/usr/include,
					"$(SCROOT)/usr/include/libxml2",
				);
				INFOPLIST_FILE = GuidePostTests/Info.plist;
				LD_RUNPATH_SEARCH_PATHS = "$(inherited) @executable_path/Frameworks @loader_path/Frameworks";
				OTHER_LDFLAGS = (
					"$(inherited)",
					"-framework",
					XCTest,
					"-lxml2",
				);
				PRODUCT_NAME = "$(TARGET_NAME)";
				TEST_HOST = "$(BUILT_PRODUCTS_DIR)/GuidePost.app/GuidePost";
			};
			name = Debug;
		};
		37D4E4DE19F752EE00844375 /* Release */ = {
			isa = XCBuildConfiguration;
			buildSettings = {
				BUNDLE_LOADER = "$(TEST_HOST)";
				FRAMEWORK_SEARCH_PATHS = (
					"$(SDKROOT)/Developer/Library/Frameworks",
					"$(inherited)",
				);
				HEADER_SEARCH_PATHS = (
					"$(inherited)",
					/Applications/Xcode.app/Contents/Developer/Toolchains/XcodeDefault.xctoolchain/usr/include,
					"$(SCROOT)/usr/include/libxml2",
				);
				INFOPLIST_FILE = GuidePostTests/Info.plist;
				LD_RUNPATH_SEARCH_PATHS = "$(inherited) @executable_path/Frameworks @loader_path/Frameworks";
				OTHER_LDFLAGS = (
					"$(inherited)",
					"-framework",
					XCTest,
					"-lxml2",
				);
				PRODUCT_NAME = "$(TARGET_NAME)";
				TEST_HOST = "$(BUILT_PRODUCTS_DIR)/GuidePost.app/GuidePost";
			};
			name = Release;
		};
/* End XCBuildConfiguration section */

/* Begin XCConfigurationList section */
		37D4E4B119F752EE00844375 /* Build configuration list for PBXProject "GuidePost" */ = {
			isa = XCConfigurationList;
			buildConfigurations = (
				37D4E4D719F752EE00844375 /* Debug */,
				37D4E4D819F752EE00844375 /* Release */,
			);
			defaultConfigurationIsVisible = 0;
			defaultConfigurationName = Release;
		};
		37D4E4D919F752EE00844375 /* Build configuration list for PBXNativeTarget "GuidePost" */ = {
			isa = XCConfigurationList;
			buildConfigurations = (
				37D4E4DA19F752EE00844375 /* Debug */,
				37D4E4DB19F752EE00844375 /* Release */,
			);
			defaultConfigurationIsVisible = 0;
			defaultConfigurationName = Release;
		};
		37D4E4DC19F752EE00844375 /* Build configuration list for PBXNativeTarget "GuidePostTests" */ = {
			isa = XCConfigurationList;
			buildConfigurations = (
				37D4E4DD19F752EE00844375 /* Debug */,
				37D4E4DE19F752EE00844375 /* Release */,
			);
			defaultConfigurationIsVisible = 0;
			defaultConfigurationName = Release;
		};
/* End XCConfigurationList section */
	};
	rootObject = 37D4E4AE19F752EE00844375 /* Project object */;
}
